
Microsoft Visual Studio Solution File, Format Version 12.00
# Visual Studio Version 16
VisualStudioVersion = 16.0.33529.622
MinimumVisualStudioVersion = 10.0.40219.1
Project("{FAE04EC0-301F-11D3-BF4B-00C04F79EFBC}") = "sistemProgramlama_Proje", "sistemProgramlama_Proje\sistemProgramlama_Proje.csproj", "{2A3041AD-770F-490E-AA8C-E75DA62ECFB2}"
EndProject
Project("{FAE04EC0-301F-11D3-BF4B-00C04F79EFBC}") = "projedeneme", "projedeneme\projedeneme.csproj", "{2E9FA3E9-3785-4C53-B874-D353D2D31A7D}"
EndProject
Global
	GlobalSection(SolutionConfigurationPlatforms) = preSolution
		Debug|Any CPU = Debug|Any CPU
		Release|Any CPU = Release|Any CPU
	EndGlobalSection
	GlobalSection(ProjectConfigurationPlatforms) = postSolution
		{2A3041AD-770F-490E-AA8C-E75DA62ECFB2}.Debug|Any CPU.ActiveCfg = Debug|Any CPU
		{2A3041AD-770F-490E-AA8C-E75DA62ECFB2}.Debug|Any CPU.Build.0 = Debug|Any CPU
		{2A3041AD-770F-490E-AA8C-E75DA62ECFB2}.Release|Any CPU.ActiveCfg = Release|Any CPU
		{2A3041AD-770F-490E-AA8C-E75DA62ECFB2}.Release|Any CPU.Build.0 = Release|Any CPU
		{2E9FA3E9-3785-4C53-B874-D353D2D31A7D}.Debug|Any CPU.ActiveCfg = Debug|Any CPU
		{2E9FA3E9-3785-4C53-B874-D353D2D31A7D}.Debug|Any CPU.Build.0 = Debug|Any CPU
		{2E9FA3E9-3785-4C53-B874-D353D2D31A7D}.Release|Any CPU.ActiveCfg = Release|Any CPU
		{2E9FA3E9-3785-4C53-B874-D353D2D31A7D}.Release|Any CPU.Build.0 = Release|Any CPU
	EndGlobalSection
	GlobalSection(SolutionProperties) = preSolution
		HideSolutionNode = FALSE
	EndGlobalSection
	GlobalSection(ExtensibilityGlobals) = postSolution
		SolutionGuid = {3948964A-27DF-4974-81DB-C50141F4C2AC}
	EndGlobalSection
EndGlobal
